
Microsoft Visual Studio Solution File, Format Version 12.00
# Visual Studio Version 16
VisualStudioVersion = 16.0.30907.101
MinimumVisualStudioVersion = 10.0.40219.1
Project("{9A19103F-16F7-4668-BE54-9A1E7A4F7556}") = "Business", "Business\Business.csproj", "{684E4736-7FAC-424D-B131-42F6D1A7A16E}"
EndProject
Project("{9A19103F-16F7-4668-BE54-9A1E7A4F7556}") = "DataAccess", "DataAccess\DataAccess.csproj", "{0E5B7497-6683-4C60-B686-1E31719CE0C6}"
EndProject
Project("{9A19103F-16F7-4668-BE54-9A1E7A4F7556}") = "Entities", "Entites\Entities.csproj", "{03C73616-DBA7-4C9B-B97B-4B3B9A9F3DCA}"
EndProject
Project("{9A19103F-16F7-4668-BE54-9A1E7A4F7556}") = "ConsoleUI", "ConsoleUI\ConsoleUI.csproj", "{2AE47873-9293-42A5-98D7-75AF566570C1}"
EndProject
Project("{2150E333-8FDC-42A3-9474-1A3956D46DE8}") = "SqlQueries", "SqlQueries", "{175410DB-B545-4DE4-A80C-9B9829CE8B5C}"
EndProject
Project("{FAE04EC0-301F-11D3-BF4B-00C04F79EFBC}") = "Core", "Core\Core.csproj", "{421F45F9-DA49-4DFC-AD6F-9FB9672224DB}"
EndProject
Global
	GlobalSection(SolutionConfigurationPlatforms) = preSolution
		Debug|Any CPU = Debug|Any CPU
		Release|Any CPU = Release|Any CPU
	EndGlobalSection
	GlobalSection(ProjectConfigurationPlatforms) = postSolution
		{684E4736-7FAC-424D-B131-42F6D1A7A16E}.Debug|Any CPU.ActiveCfg = Debug|Any CPU
		{684E4736-7FAC-424D-B131-42F6D1A7A16E}.Debug|Any CPU.Build.0 = Debug|Any CPU
		{684E4736-7FAC-424D-B131-42F6D1A7A16E}.Release|Any CPU.ActiveCfg = Release|Any CPU
		{684E4736-7FAC-424D-B131-42F6D1A7A16E}.Release|Any CPU.Build.0 = Release|Any CPU
		{0E5B7497-6683-4C60-B686-1E31719CE0C6}.Debug|Any CPU.ActiveCfg = Debug|Any CPU
		{0E5B7497-6683-4C60-B686-1E31719CE0C6}.Debug|Any CPU.Build.0 = Debug|Any CPU
		{0E5B7497-6683-4C60-B686-1E31719CE0C6}.Release|Any CPU.ActiveCfg = Release|Any CPU
		{0E5B7497-6683-4C60-B686-1E31719CE0C6}.Release|Any CPU.Build.0 = Release|Any CPU
		{03C73616-DBA7-4C9B-B97B-4B3B9A9F3DCA}.Debug|Any CPU.ActiveCfg = Debug|Any CPU
		{03C73616-DBA7-4C9B-B97B-4B3B9A9F3DCA}.Debug|Any CPU.Build.0 = Debug|Any CPU
		{03C73616-DBA7-4C9B-B97B-4B3B9A9F3DCA}.Release|Any CPU.ActiveCfg = Release|Any CPU
		{03C73616-DBA7-4C9B-B97B-4B3B9A9F3DCA}.Release|Any CPU.Build.0 = Release|Any CPU
		{2AE47873-9293-42A5-98D7-75AF566570C1}.Debug|Any CPU.ActiveCfg = Debug|Any CPU
		{2AE47873-9293-42A5-98D7-75AF566570C1}.Debug|Any CPU.Build.0 = Debug|Any CPU
		{2AE47873-9293-42A5-98D7-75AF566570C1}.Release|Any CPU.ActiveCfg = Release|Any CPU
		{2AE47873-9293-42A5-98D7-75AF566570C1}.Release|Any CPU.Build.0 = Release|Any CPU
		{421F45F9-DA49-4DFC-AD6F-9FB9672224DB}.Debug|Any CPU.ActiveCfg = Debug|Any CPU
		{421F45F9-DA49-4DFC-AD6F-9FB9672224DB}.Debug|Any CPU.Build.0 = Debug|Any CPU
		{421F45F9-DA49-4DFC-AD6F-9FB9672224DB}.Release|Any CPU.ActiveCfg = Release|Any CPU
		{421F45F9-DA49-4DFC-AD6F-9FB9672224DB}.Release|Any CPU.Build.0 = Release|Any CPU
	EndGlobalSection
	GlobalSection(SolutionProperties) = preSolution
		HideSolutionNode = FALSE
	EndGlobalSection
	GlobalSection(ExtensibilityGlobals) = postSolution
		SolutionGuid = {F4464A7E-5C65-4595-BD1E-92C048E41684}
	EndGlobalSection
EndGlobal
